# THIS IS AN AUTOGENERATED FILE. DO NOT EDIT THIS FILE DIRECTLY.
# yarn lockfile v1


"@oxfmt/binding-android-arm-eabi@0.64.0":
  version "0.64.0"
  resolved "https://registry.yarnpkg.com/@oxfmt/binding-android-arm-eabi/-/binding-android-arm-eabi-0.64.0.tgz#e14e25c032f6d8a6b025eb5ee7bb606c3cbdd10e"
  integrity sha512-o6uzh/jTOQeAY5TdkAeXdqv7MBRcPxiRA08zrcBtkKj5cSu/FMu0Hl7Q6Fi1KCKyCWZ6lJVjBzdsJvsKltUsGQ==

"@oxfmt/binding-android-arm64@0.64.0":
  version "0.64.0"
  resolved "https://registry.yarnpkg.com/@oxfmt/binding-android-arm64/-/binding-android-arm64-0.64.0.tgz#294a15b8402eedde0e0a467748e3efadf61bf523"
  integrity sha512-jRGSUeeP7p3Gynw2YaCVtjBIA6ZxY6bEB/ES5i54OhqmRTyuVg7ZgstEtzgq6GOAJd+2QZ5pvf+bFfmW5Mp9cw==

"@oxfmt/binding-darwin-arm64@0.64.0":
  version "0.64.0"
  resolved "https://registry.yarnpkg.com/@oxfmt/binding-darwin-arm64/-/binding-darwin-arm64-0.64.0.tgz#d55b1a5d5d97d4ccde8e4be7b63e06e4e56f2d13"
  integrity sha512-JINwtU2lW7nOFSqi+H2qplipNUqah9Gc1jgGmB82kTD4UnZrZIVxCJ9qEmFiKfjNq27gYLFhrUb0to86aCwMjw==

"@oxfmt/binding-darwin-x64@0.64.0":
  version "0.64.0"
  resolved "https://registry.yarnpkg.com/@oxfmt/binding-darwin-x64/-/binding-darwin-x64-0.64.0.tgz#1c9673270ed597ba9456d40fa0607d50e81158ea"
  integrity sha512-gCmuswrgrOSajV4HCRFkVCGIruPq8bjYuPYgSE2WQB3mD6XrdyZ3JMSRZCkQ8zCxOyGWriBo6QoZ5nmMHQ1BfA==

"@oxfmt/binding-freebsd-x64@0.64.0":
  version "0.64.0"
  resolved "https://registry.yarnpkg.com/@oxfmt/binding-freebsd-x64/-/binding-freebsd-x64-0.64.0.tgz#9e8f8b3a5a558043c664d43d54e441756af30c56"
  integrity sha512-Ab8g7a38pT0MMImjh7anRSTve6buWBIlcXIFBYa5xl4s6UxEgKSc2xOOhbGtLwvXnEi2PsEDGoJh3oUU7xkehQ==

"@oxfmt/binding-linux-arm-gnueabihf@0.64.0":
  version "0.64.0"
  resolved "https://registry.yarnpkg.com/@oxfmt/binding-linux-arm-gnueabihf/-/binding-linux-arm-gnueabihf-0.64.0.tgz#cfe552538c9e9402ca64d7b83b1ccf02457ef391"
  integrity sha512-BgvS3CoQ+Xy2deoZqEN8JVKabcCZi2RxA3yant8G9OAv9KuPJ9TCjHkqigzdHUVwErZxEP5d2bzLIEyKYyBDLg==

"@oxfmt/binding-linux-arm-musleabihf@0.64.0":
  version "0.64.0"
  resolved "https://registry.yarnpkg.com/@oxfmt/binding-linux-arm-musleabihf/-/binding-linux-arm-musleabihf-0.64.0.tgz#1944e367da59e8b1770c5ba96465d0c7e640053e"
  integrity sha512-QXpNxwoMj0YvnceCNZadNSden3bIcnvjn/sDp/rwZhRoZoZYGpHvtPyhGsdJz9uvT9GkaMW7SsLddurU56dt8w==

"@oxfmt/binding-linux-arm64-gnu@0.64.0":
  version "0.64.0"
  resolved "https://registry.yarnpkg.com/@oxfmt/binding-linux-arm64-gnu/-/binding-linux-arm64-gnu-0.64.0.tgz#510386113bf6a128cf3106d612471dbd1a13b0f4"
  integrity sha512-BBgH3I1ppDsI5pZ4Pdhw0ceYxwVCfbU/bZEBCeZ6caRS9x0ZabErxubP7riGUn11PXZBhe8DYdjkDKP1FlVQ5w==

"@oxfmt/binding-linux-arm64-musl@0.64.0":
  version "0.64.0"
  resolved "https://registry.yarnpkg.com/@oxfmt/binding-linux-arm64-musl/-/binding-linux-arm64-musl-0.64.0.tgz#7235405901cb0368b659eb42b362a817fc3330a3"
  integrity sha512-v19HSjC/BGXdt26qEvKZtwAHgGmQ2Agcap2kQP+KIqoRZqivVzYth3ui2dJA1i+6/fjpjga85lIOaJJjQ/bOOw==

"@oxfmt/binding-linux-ppc64-gnu@0.64.0":
  version "0.64.0"
  resolved "https://registry.yarnpkg.com/@oxfmt/binding-linux-ppc64-gnu/-/binding-linux-ppc64-gnu-0.64.0.tgz#1f0563c530dfa634682ffa32d16830404b95a8c6"
  integrity sha512-PElLnOo4xFTBZrxPhgTIj0eHqZXwEBQoNWtb7facUV170T0B0FRET0iNbb3LUeLWTybkUW+vsdyv4ihOdyXGyw==

"@oxfmt/binding-linux-riscv64-gnu@0.64.0":
  version "0.64.0"
  resolved "https://registry.yarnpkg.com/@oxfmt/binding-linux-riscv64-gnu/-/binding-linux-riscv64-gnu-0.64.0.tgz#36f55e955c5b38b587470f181146c9a11cf8bdb1"
  integrity sha512-Qzsg15n4F5CH+MorcRW4MkAEMiLzXmeG+DiDSbP/bBTqCmWOH3K9DHryNrve+JHlV0txS+B6Z9P5Xz+cmWeL+g==

"@oxfmt/binding-linux-riscv64-musl@0.64.0":
  version "0.64.0"
  resolved "https://registry.yarnpkg.com/@oxfmt/binding-linux-riscv64-musl/-/binding-linux-riscv64-musl-0.64.0.tgz#bb9c6c3860c8832fe271623eb6131ea5f5e094cd"
  integrity sha512-/GZ358wnQ/Ez4UVnCcZIi56JkY0sOdZ+B108pqXKqZz3jLS59F4KEAB1Qv3fRlObrFEk+3L2vUQ/xoPx+3vjXw==

"@oxfmt/binding-linux-s390x-gnu@0.64.0":
  version "0.64.0"
  resolved "https://registry.yarnpkg.com/@oxfmt/binding-linux-s390x-gnu/-/binding-linux-s390x-gnu-0.64.0.tgz#7d736d923f3c7f88743f26479a49903c6dbaf818"
  integrity sha512-/C9We3DXegowfLXtVCYHeNiU9azwCDr5cQkEtCVlc74vyn+lLQSPApJ1CZmxAduqeq/Oi3gQ+IVptyhCaTMtkQ==

"@oxfmt/binding-linux-x64-gnu@0.64.0":
  version "0.64.0"
  resolved "https://registry.yarnpkg.com/@oxfmt/binding-linux-x64-gnu/-/binding-linux-x64-gnu-0.64.0.tgz#34dfe2bde9ed124324b45aae078618456e850452"
  integrity sha512-91KM2CeRWscIEHlj1NsW2WSnzGeq1Ehq+39bfDowTdkn+fcvK/x4Y1RcyqT7glyBjZio0ldkeCG6Usj3v7ASog==

"@oxfmt/binding-linux-x64-musl@0.64.0":
  version "0.64.0"
  resolved "https://registry.yarnpkg.com/@oxfmt/binding-linux-x64-musl/-/binding-linux-x64-musl-0.64.0.tgz#b5edc644409aff9715279650767d34d2fb65d59a"
  integrity sha512-gw7uEk9I+7zoT1EYLra1eWArIzNcz8e3jkv+Noo2+o2T7wPvsNSQbfoa4DSfZlvn1i6mJ05RiZ4/omaXPDNhQg==

"@oxfmt/binding-openharmony-arm64@0.64.0":
  version "0.64.0"
  resolved "https://registry.yarnpkg.com/@oxfmt/binding-openharmony-arm64/-/binding-openharmony-arm64-0.64.0.tgz#6b1d9c662e08bf5fbc1e9ccdb45ed28c004b90c4"
  integrity sha512-HYHFf616FHSPSO07c09mjmXBfQ73wIVM3m0txOiooa5XZkGoxFd6B14PVj0LB0DXIqJ6wAO/dDR/NX/5UUaqnw==

"@oxfmt/binding-win32-arm64-msvc@0.64.0":
  version "0.64.0"
  resolved "https://registry.yarnpkg.com/@oxfmt/binding-win32-arm64-msvc/-/binding-win32-arm64-msvc-0.64.0.tgz#bc5a005e159a8f9af4168eed2e61fe477f4029db"
  integrity sha512-uQjFp081IZSWD6VAofX2iO2z01awAdHmfC+NrieWIPKrT2hZKQDyq/U18M7ifC0sm0Wz8aHY/p6+FDYIzs/CrQ==

"@oxfmt/binding-win32-ia32-msvc@0.64.0":
  version "0.64.0"
  resolved "https://registry.yarnpkg.com/@oxfmt/binding-win32-ia32-msvc/-/binding-win32-ia32-msvc-0.64.0.tgz#88e90b96f7b39e4b6f75178c94c52d464fa58b53"
  integrity sha512-lNM6byTAQ881jugzFu8juJTbNRgsUTlswMA6pJmwi1XDvmIqnnb49lcUAs5gz94fCJLrVN+/X3s3jOKqx23WIQ==

"@oxfmt/binding-win32-x64-msvc@0.64.0":
  version "0.64.0"
  resolved "https://registry.yarnpkg.com/@oxfmt/binding-win32-x64-msvc/-/binding-win32-x64-msvc-0.64.0.tgz#788c7fe26f89e57269f79e8f8a34e9b1497bc674"
  integrity sha512-BtmbtL/QjMtF1a6C3CqoDluH2IfB6fJt62E+B9RFfUPtFk4Iz9PFS6+y/SzzOvSxc7aUk2Kphwg7Dh8lMbwu6g==

"@oxlint/binding-android-arm-eabi@1.79.0":
  version "1.79.0"
  resolved "https://registry.yarnpkg.com/@oxlint/binding-android-arm-eabi/-/binding-android-arm-eabi-1.79.0.tgz#4b35576fb979d99e49e8b3f733595984ad98cc48"
  integrity sha512-TebFaaMklO/RXzTv7PucaCq9l3X6D1gA+C8H6K4njtjFOV+zWE9MKLpulcJZN9bzytbUbQIY0mZuz12nQ5Kv4Q==

"@oxlint/binding-android-arm64@1.79.0":
  version "1.79.0"
  resolved "https://registry.yarnpkg.com/@oxlint/binding-android-arm64/-/binding-android-arm64-1.79.0.tgz#473aafb62dde4000a5e5ecd20a37970b7e9b4059"
  integrity sha512-KqqnOtAVgNsPPF0YSodkFZA1O80jcKoCZCTu3bgsszxA+MrMP9TLzfXitKjEj1FmrPprKDMdRDMmY3weESO9sg==

"@oxlint/binding-darwin-arm64@1.79.0":
  version "1.79.0"
  resolved "https://registry.yarnpkg.com/@oxlint/binding-darwin-arm64/-/binding-darwin-arm64-1.79.0.tgz#a0865e18c06f04f93e687aa1e363e0a0959af950"
  integrity sha512-BVC2nsMzqQzRDPc5RhixkZ+m1p7iH4bxRRvqkbwDXX0PlQKm1BPy8J8cRjnAFafOq2QzI+BfO3vE8w2GZ3CBag==

"@oxlint/binding-darwin-x64@1.79.0":
  version "1.79.0"
  resolved "https://registry.yarnpkg.com/@oxlint/binding-darwin-x64/-/binding-darwin-x64-1.79.0.tgz#26dcd4222c2a47c2b4f102673fa0ddd273aec6b9"
  integrity sha512-p6Lm+snmhGuLKL1+CpCV8L6ijkE/qJzK2H2jG9+eKJT0n31RbY4FLsdhexekgP3bLpw4Kgde+9DZuDZQ4yIInA==

"@oxlint/binding-freebsd-x64@1.79.0":
  version "1.79.0"
  resolved "https://registry.yarnpkg.com/@oxlint/binding-freebsd-x64/-/binding-freebsd-x64-1.79.0.tgz#e663a17ac9f8bb58ebe610714373515b2eca4071"
  integrity sha512-qDMm0dXZnoHyRqSL4N4xUq82T4sqK5cbKSjvd/dF/YbMUXc2R1wEPf+vmA5S0qUmi0nwXfNbjXBtZaIqzQLIMg==

"@oxlint/binding-linux-arm-gnueabihf@1.79.0":
  version "1.79.0"
  resolved "https://registry.yarnpkg.com/@oxlint/binding-linux-arm-gnueabihf/-/binding-linux-arm-gnueabihf-1.79.0.tgz#a7744f9ab7644b69076449af045258948dfd8265"
  integrity sha512-2od7s0nuKPzqyUZAWk9KkCyGg7eI9dwFPZg+20lB15fKFkVZ0c9ZFxqPfiBAyDTlTkh9stPI0t+JlPCqMbItVA==

"@oxlint/binding-linux-arm-musleabihf@1.79.0":
  version "1.79.0"
  resolved "https://registry.yarnpkg.com/@oxlint/binding-linux-arm-musleabihf/-/binding-linux-arm-musleabihf-1.79.0.tgz#cd1c5e4ded70450180dffea55a33db857e83e9cd"
  integrity sha512-ZOQUjkzDnvlhSE3+tWC3YXx94MMl+sYMlwH+u1+YGApGHOJP/YAc8ZBRFOXZ6eOBmxtXAWuS/fBcdZr8qqNO1A==

"@oxlint/binding-linux-arm64-gnu@1.79.0":
  version "1.79.0"
  resolved "https://registry.yarnpkg.com/@oxlint/binding-linux-arm64-gnu/-/binding-linux-arm64-gnu-1.79.0.tgz#43ad08e312d62b59c958b5707dd8f1c5d81d062e"
  integrity sha512-lu158FR4nGqGeRS3BQvtG85wRgU/Fy4MD5Cxp1hzJXizGiLo6u2742wJSCDKh8cFcZntvX7fcxlq4mMmfryH1g==

"@oxlint/binding-linux-arm64-musl@1.79.0":
  version "1.79.0"
  resolved "https://registry.yarnpkg.com/@oxlint/binding-linux-arm64-musl/-/binding-linux-arm64-musl-1.79.0.tgz#0999da2b0e22e2ca05833365b02428c11b09bc0e"
  integrity sha512-mbpKQeE2aflTjddaHK7MP8KP/OFbUM++lt5M635ENM8IyIdK0jm2t9pb+2v9mVVIvhF6TqA4l7F79Pll1mi+uw==

"@oxlint/binding-linux-ppc64-gnu@1.79.0":
  version "1.79.0"
  resolved "https://registry.yarnpkg.com/@oxlint/binding-linux-ppc64-gnu/-/binding-linux-ppc64-gnu-1.79.0.tgz#fa007c544b91b8dce00b1b5b7e62da32a9ccfe06"
  integrity sha512-WpGNua7gaxaHnpSDeog2ji8IDHn/QLPl9LPzwkR/FvVv58vT5BcXjRXnU+wbu3N75cpeha8CdC7ho/U2OIsB4g==

"@oxlint/binding-linux-riscv64-gnu@1.79.0":
  version "1.79.0"
  resolved "https://registry.yarnpkg.com/@oxlint/binding-linux-riscv64-gnu/-/binding-linux-riscv64-gnu-1.79.0.tgz#a366f8a485c17c262cdf4358e2d3eb97da2b9c1b"
  integrity sha512-tK1E93A5LVzISg4ngpKJnfTs7EqtIUceGI7MQ4GyDjJiLi8wPCkEyKlj2xkyKWZ1yzkDJyLHTBJ5/iFWRdnJvg==

"@oxlint/binding-linux-riscv64-musl@1.79.0":
  version "1.79.0"
  resolved "https://registry.yarnpkg.com/@oxlint/binding-linux-riscv64-musl/-/binding-linux-riscv64-musl-1.79.0.tgz#9712af2165694d97db3890e052e87df1b29a71e4"
  integrity sha512-qhQvUIrngXivA2A9pQ+xPCychztn/5qUv7yS3gDwXv3w7Rag+eTeeXWmRyx+t7XsW5x6LuY/8AsTq36UgFIblg==

"@oxlint/binding-linux-s390x-gnu@1.79.0":
  version "1.79.0"
  resolved "https://registry.yarnpkg.com/@oxlint/binding-linux-s390x-gnu/-/binding-linux-s390x-gnu-1.79.0.tgz#6b29236ab5f9885715c999b05a6e9f01cdeca8b3"
  integrity sha512-sv6AaVgU/eE6u+6WFiQVDcPPwTxP6IJMSB9k701W2r/r6Tx465e8vPvVyRxquNH4Vy6KwRNu90mVbxXJN8+5gg==

"@oxlint/binding-linux-x64-gnu@1.79.0":
  version "1.79.0"
  resolved "https://registry.yarnpkg.com/@oxlint/binding-linux-x64-gnu/-/binding-linux-x64-gnu-1.79.0.tgz#19f2f78359fc0ffacccb89fce98636211b0004dd"
  integrity sha512-iFZL02deziHslb3jEX9KdqlAkYoo4fGyotchKDzdfK1f5mxlIBeiQeHhvK3iFpuEJSB4ma/qeFn9oxPiwnhUPQ==

"@oxlint/binding-linux-x64-musl@1.79.0":
  version "1.79.0"
  resolved "https://registry.yarnpkg.com/@oxlint/binding-linux-x64-musl/-/binding-linux-x64-musl-1.79.0.tgz#6d2af174b37dfff8a812df05542077b98862ee22"
  integrity sha512-3DtZR2raqObnh7wXZoFYFd0Fw7skBvcb3f7A+/lkEiDuh8hrE6vv9b/62Qxao1a9/OeHLw/FcXlXzgsW9wTRFg==

"@oxlint/binding-openharmony-arm64@1.79.0":
  version "1.79.0"
  resolved "https://registry.yarnpkg.com/@oxlint/binding-openharmony-arm64/-/binding-openharmony-arm64-1.79.0.tgz#e9ac828df91e5daa417e3583d0af2b0e580f5121"
  integrity sha512-Oatt4GuA1WJkqzk2ozx4HrWROOi7opV3AKDw/U8qDIqeTqzsjn5K2x3REJMNjU3/KU/Bkq96Zi3CknaiDTaC/Q==

"@oxlint/binding-win32-arm64-msvc@1.79.0":
  version "1.79.0"
  resolved "https://registry.yarnpkg.com/@oxlint/binding-win32-arm64-msvc/-/binding-win32-arm64-msvc-1.79.0.tgz#55fca876505c7472fb14abff11b19fd157d873fd"
  integrity sha512-NAgZr9Qp8nIA9rpo0JEvwiabTF/2UVqBNnupBG9X4kxXcQoScJUTi+qHhvabb9s/thgj5wQ4XcIaJvb+ZMgoKw==

"@oxlint/binding-win32-ia32-msvc@1.79.0":
  version "1.79.0"
  resolved "https://registry.yarnpkg.com/@oxlint/binding-win32-ia32-msvc/-/binding-win32-ia32-msvc-1.79.0.tgz#d8b5413884506956d1f16a83318dd74da39a689a"
  integrity sha512-+KyXjIvcpaXmWW/j9NNY5yWjrIVxaX18VyIheQy3jwc2GSYgpCr7MGI/HxIGQ/shAL5IWEKbhsqoMpAO5Stiog==

"@oxlint/binding-win32-x64-msvc@1.79.0":
  version "1.79.0"
  resolved "https://registry.yarnpkg.com/@oxlint/binding-win32-x64-msvc/-/binding-win32-x64-msvc-1.79.0.tgz#2bd7ec19a8446d53d188580faf7d14d7adcb85b2"
  integrity sha512-mEelcCMMBS57sIXh2veGMNy+pQwuGtcMxHxGIZWQ5Ba9pJ5jCCUFOZB9E2JhBaxGsURe+WGe0zJp4RVre52gpQ==

oxfmt@^0.64.0:
  version "0.64.0"
  resolved "https://registry.yarnpkg.com/oxfmt/-/oxfmt-0.64.0.tgz#666a5148cdf7385007cd46e35e8ff8f94ecfd96b"
  integrity sha512-XZ4GFBN/PLbXKq+0zrgpQfPKYuJlUuj+nzZJY7UpIbFMNyefNLCdN9EwViycNqnYcv0wrn0jXcQLlqJp8RCKBg==
  dependencies:
    tinypool "2.1.0"
  optionalDependencies:
    "@oxfmt/binding-android-arm-eabi" "0.64.0"
    "@oxfmt/binding-android-arm64" "0.64.0"
    "@oxfmt/binding-darwin-arm64" "0.64.0"
    "@oxfmt/binding-darwin-x64" "0.64.0"
    "@oxfmt/binding-freebsd-x64" "0.64.0"
    "@oxfmt/binding-linux-arm-gnueabihf" "0.64.0"
    "@oxfmt/binding-linux-arm-musleabihf" "0.64.0"
    "@oxfmt/binding-linux-arm64-gnu" "0.64.0"
    "@oxfmt/binding-linux-arm64-musl" "0.64.0"
    "@oxfmt/binding-linux-ppc64-gnu" "0.64.0"
    "@oxfmt/binding-linux-riscv64-gnu" "0.64.0"
    "@oxfmt/binding-linux-riscv64-musl" "0.64.0"
    "@oxfmt/binding-linux-s390x-gnu" "0.64.0"
    "@oxfmt/binding-linux-x64-gnu" "0.64.0"
    "@oxfmt/binding-linux-x64-musl" "0.64.0"
    "@oxfmt/binding-openharmony-arm64" "0.64.0"
    "@oxfmt/binding-win32-arm64-msvc" "0.64.0"
    "@oxfmt/binding-win32-ia32-msvc" "0.64.0"
    "@oxfmt/binding-win32-x64-msvc" "0.64.0"

oxlint@^1.79.0:
  version "1.79.0"
  resolved "https://registry.yarnpkg.com/oxlint/-/oxlint-1.79.0.tgz#3d036786f7b878426945ba865f2c7579cf85ed34"
  integrity sha512-hVJ9hq9m2unPS+Of4eJJgCPdIeCC+3DHEUX3tkmrPJr3OK2hz7PhXwgC+ZP71ZcYu8cCDEtQrqLxWNvxBppBVg==
  optionalDependencies:
    "@oxlint/binding-android-arm-eabi" "1.79.0"
    "@oxlint/binding-android-arm64" "1.79.0"
    "@oxlint/binding-darwin-arm64" "1.79.0"
    "@oxlint/binding-darwin-x64" "1.79.0"
    "@oxlint/binding-freebsd-x64" "1.79.0"
    "@oxlint/binding-linux-arm-gnueabihf" "1.79.0"
    "@oxlint/binding-linux-arm-musleabihf" "1.79.0"
    "@oxlint/binding-linux-arm64-gnu" "1.79.0"
    "@oxlint/binding-linux-arm64-musl" "1.79.0"
    "@oxlint/binding-linux-ppc64-gnu" "1.79.0"
    "@oxlint/binding-linux-riscv64-gnu" "1.79.0"
    "@oxlint/binding-linux-riscv64-musl" "1.79.0"
    "@oxlint/binding-linux-s390x-gnu" "1.79.0"
    "@oxlint/binding-linux-x64-gnu" "1.79.0"
    "@oxlint/binding-linux-x64-musl" "1.79.0"
    "@oxlint/binding-openharmony-arm64" "1.79.0"
    "@oxlint/binding-win32-arm64-msvc" "1.79.0"
    "@oxlint/binding-win32-ia32-msvc" "1.79.0"
    "@oxlint/binding-win32-x64-msvc" "1.79.0"

tinypool@2.1.0:
  version "2.1.0"
  resolved "https://registry.yarnpkg.com/tinypool/-/tinypool-2.1.0.tgz#303a671d6ef68d03c9512cdc9a47c86b8a85f20c"
  integrity sha512-Pugqs6M0m7Lv1I7FtxN4aoyToKg1C4tu+/381vH35y8oENM/Ai7f7C4StcoK4/+BSw9ebcS8jRiVrORFKCALLw==
